
Microsoft Visual Studio Solution File, Format Version 12.00
# Visual Studio Version 17
VisualStudioVersion = 17.7.34202.233
MinimumVisualStudioVersion = 10.0.40219.1
Project("{9A19103F-16F7-4668-BE54-9A1E7A4F7556}") = "ert-for-driver", "ert-for-driver\ert-for-driver.csproj", "{93CD774D-6A24-47DA-85D9-8696D22E80C1}"
EndProject
Project("{9A19103F-16F7-4668-BE54-9A1E7A4F7556}") = "ert-for-host", "ert-for-host\ert-for-host.csproj", "{17B7A81A-CD21-41FA-A86B-641D956EE608}"
EndProject
Global
	GlobalSection(SolutionConfigurationPlatforms) = preSolution
		Debug|Any CPU = Debug|Any CPU
		Debug|ARM64 = Debug|ARM64
		Release|Any CPU = Release|Any CPU
		Release|ARM64 = Release|ARM64
	EndGlobalSection
	GlobalSection(ProjectConfigurationPlatforms) = postSolution
		{93CD774D-6A24-47DA-85D9-8696D22E80C1}.Debug|Any CPU.ActiveCfg = Debug|Any CPU
		{93CD774D-6A24-47DA-85D9-8696D22E80C1}.Debug|Any CPU.Build.0 = Debug|Any CPU
		{93CD774D-6A24-47DA-85D9-8696D22E80C1}.Debug|ARM64.ActiveCfg = Debug|Any CPU
		{93CD774D-6A24-47DA-85D9-8696D22E80C1}.Debug|ARM64.Build.0 = Debug|Any CPU
		{93CD774D-6A24-47DA-85D9-8696D22E80C1}.Release|Any CPU.ActiveCfg = Release|Any CPU
		{93CD774D-6A24-47DA-85D9-8696D22E80C1}.Release|Any CPU.Build.0 = Release|Any CPU
		{93CD774D-6A24-47DA-85D9-8696D22E80C1}.Release|ARM64.ActiveCfg = Release|Any CPU
		{93CD774D-6A24-47DA-85D9-8696D22E80C1}.Release|ARM64.Build.0 = Release|Any CPU
		{17B7A81A-CD21-41FA-A86B-641D956EE608}.Debug|Any CPU.ActiveCfg = Debug|Any CPU
		{17B7A81A-CD21-41FA-A86B-641D956EE608}.Debug|Any CPU.Build.0 = Debug|Any CPU
		{17B7A81A-CD21-41FA-A86B-641D956EE608}.Debug|ARM64.ActiveCfg = Debug|ARM64
		{17B7A81A-CD21-41FA-A86B-641D956EE608}.Debug|ARM64.Build.0 = Debug|ARM64
		{17B7A81A-CD21-41FA-A86B-641D956EE608}.Release|Any CPU.ActiveCfg = Release|Any CPU
		{17B7A81A-CD21-41FA-A86B-641D956EE608}.Release|Any CPU.Build.0 = Release|Any CPU
		{17B7A81A-CD21-41FA-A86B-641D956EE608}.Release|ARM64.ActiveCfg = Release|ARM64
		{17B7A81A-CD21-41FA-A86B-641D956EE608}.Release|ARM64.Build.0 = Release|ARM64
	EndGlobalSection
	GlobalSection(SolutionProperties) = preSolution
		HideSolutionNode = FALSE
	EndGlobalSection
	GlobalSection(ExtensibilityGlobals) = postSolution
		SolutionGuid = {B74167AE-11B3-4C94-9719-C0B45693FBE2}
	EndGlobalSection
EndGlobal
